
Microsoft Visual Studio Solution File, Format Version 12.00
# Visual Studio Version 17
VisualStudioVersion = 17.1.32319.34
MinimumVisualStudioVersion = 10.0.40219.1
Project("{FAE04EC0-301F-11D3-BF4B-00C04F79EFBC}") = "ExtractWithEncodingTool", "ExtractWithEncodingTool.csproj", "{235E7803-8310-47AA-986C-AE7F7780CD54}"
EndProject
Project("{54435603-DBB4-11D2-8724-00A0C9A8B90C}") = "UnzipToolSetup", "..\UnzipToolSetup\UnzipToolSetup.vdproj", "{0A29D74B-97FE-4E10-9792-8D47A6E931F4}"
EndProject
Global
	GlobalSection(SolutionConfigurationPlatforms) = preSolution
		Debug|Any CPU = Debug|Any CPU
		Release|Any CPU = Release|Any CPU
	EndGlobalSection
	GlobalSection(ProjectConfigurationPlatforms) = postSolution
		{235E7803-8310-47AA-986C-AE7F7780CD54}.Debug|Any CPU.ActiveCfg = Debug|Any CPU
		{235E7803-8310-47AA-986C-AE7F7780CD54}.Debug|Any CPU.Build.0 = Debug|Any CPU
		{235E7803-8310-47AA-986C-AE7F7780CD54}.Release|Any CPU.ActiveCfg = Release|Any CPU
		{235E7803-8310-47AA-986C-AE7F7780CD54}.Release|Any CPU.Build.0 = Release|Any CPU
		{0A29D74B-97FE-4E10-9792-8D47A6E931F4}.Debug|Any CPU.ActiveCfg = Debug
		{0A29D74B-97FE-4E10-9792-8D47A6E931F4}.Release|Any CPU.ActiveCfg = Release
	EndGlobalSection
	GlobalSection(SolutionProperties) = preSolution
		HideSolutionNode = FALSE
	EndGlobalSection
	GlobalSection(ExtensibilityGlobals) = postSolution
		SolutionGuid = {C4B15FB2-802F-4662-9E2D-6F20B3CB6D4F}
	EndGlobalSection
EndGlobal
